
Microsoft Visual Studio Solution File, Format Version 12.00
# Visual Studio Version 17
VisualStudioVersion = 17.0.31903.59
MinimumVisualStudioVersion = 10.0.40219.1
Project("{FAE04EC0-301F-11D3-BF4B-00C04F79EFBC}") = "GovElec.Api", "GovElec.Api\GovElec.Api.csproj", "{1E8B409E-F7FB-43B5-A765-47A9E1E8B762}"
EndProject
Project("{FAE04EC0-301F-11D3-BF4B-00C04F79EFBC}") = "GovElec.App", "GovElec.App\GovElec.App.csproj", "{C39402EF-5B7F-4063-9D67-C63C50C180C3}"
EndProject
Project("{FAE04EC0-301F-11D3-BF4B-00C04F79EFBC}") = "GovElec.Shared", "GovElec.Shared\GovElec.Shared.csproj", "{E9AF676B-B102-4C84-8EBC-8CDB5F56FA3B}"
EndProject
Global
	GlobalSection(SolutionConfigurationPlatforms) = preSolution
		Debug|Any CPU = Debug|Any CPU
		Debug|x64 = Debug|x64
		Debug|x86 = Debug|x86
		Release|Any CPU = Release|Any CPU
		Release|x64 = Release|x64
		Release|x86 = Release|x86
	EndGlobalSection
	GlobalSection(ProjectConfigurationPlatforms) = postSolution
		{1E8B409E-F7FB-43B5-A765-47A9E1E8B762}.Debug|Any CPU.ActiveCfg = Debug|Any CPU
		{1E8B409E-F7FB-43B5-A765-47A9E1E8B762}.Debug|Any CPU.Build.0 = Debug|Any CPU
		{1E8B409E-F7FB-43B5-A765-47A9E1E8B762}.Debug|x64.ActiveCfg = Debug|Any CPU
		{1E8B409E-F7FB-43B5-A765-47A9E1E8B762}.Debug|x64.Build.0 = Debug|Any CPU
		{1E8B409E-F7FB-43B5-A765-47A9E1E8B762}.Debug|x86.ActiveCfg = Debug|Any CPU
		{1E8B409E-F7FB-43B5-A765-47A9E1E8B762}.Debug|x86.Build.0 = Debug|Any CPU
		{1E8B409E-F7FB-43B5-A765-47A9E1E8B762}.Release|Any CPU.ActiveCfg = Release|Any CPU
		{1E8B409E-F7FB-43B5-A765-47A9E1E8B762}.Release|Any CPU.Build.0 = Release|Any CPU
		{1E8B409E-F7FB-43B5-A765-47A9E1E8B762}.Release|x64.ActiveCfg = Release|Any CPU
		{1E8B409E-F7FB-43B5-A765-47A9E1E8B762}.Release|x64.Build.0 = Release|Any CPU
		{1E8B409E-F7FB-43B5-A765-47A9E1E8B762}.Release|x86.ActiveCfg = Release|Any CPU
		{1E8B409E-F7FB-43B5-A765-47A9E1E8B762}.Release|x86.Build.0 = Release|Any CPU
		{C39402EF-5B7F-4063-9D67-C63C50C180C3}.Debug|Any CPU.ActiveCfg = Debug|Any CPU
		{C39402EF-5B7F-4063-9D67-C63C50C180C3}.Debug|Any CPU.Build.0 = Debug|Any CPU
		{C39402EF-5B7F-4063-9D67-C63C50C180C3}.Debug|x64.ActiveCfg = Debug|Any CPU
		{C39402EF-5B7F-4063-9D67-C63C50C180C3}.Debug|x64.Build.0 = Debug|Any CPU
		{C39402EF-5B7F-4063-9D67-C63C50C180C3}.Debug|x86.ActiveCfg = Debug|Any CPU
		{C39402EF-5B7F-4063-9D67-C63C50C180C3}.Debug|x86.Build.0 = Debug|Any CPU
		{C39402EF-5B7F-4063-9D67-C63C50C180C3}.Release|Any CPU.ActiveCfg = Release|Any CPU
		{C39402EF-5B7F-4063-9D67-C63C50C180C3}.Release|Any CPU.Build.0 = Release|Any CPU
		{C39402EF-5B7F-4063-9D67-C63C50C180C3}.Release|x64.ActiveCfg = Release|Any CPU
		{C39402EF-5B7F-4063-9D67-C63C50C180C3}.Release|x64.Build.0 = Release|Any CPU
		{C39402EF-5B7F-4063-9D67-C63C50C180C3}.Release|x86.ActiveCfg = Release|Any CPU
		{C39402EF-5B7F-4063-9D67-C63C50C180C3}.Release|x86.Build.0 = Release|Any CPU
		{E9AF676B-B102-4C84-8EBC-8CDB5F56FA3B}.Debug|Any CPU.ActiveCfg = Debug|Any CPU
		{E9AF676B-B102-4C84-8EBC-8CDB5F56FA3B}.Debug|Any CPU.Build.0 = Debug|Any CPU
		{E9AF676B-B102-4C84-8EBC-8CDB5F56FA3B}.Debug|x64.ActiveCfg = Debug|Any CPU
		{E9AF676B-B102-4C84-8EBC-8CDB5F56FA3B}.Debug|x64.Build.0 = Debug|Any CPU
		{E9AF676B-B102-4C84-8EBC-8CDB5F56FA3B}.Debug|x86.ActiveCfg = Debug|Any CPU
		{E9AF676B-B102-4C84-8EBC-8CDB5F56FA3B}.Debug|x86.Build.0 = Debug|Any CPU
		{E9AF676B-B102-4C84-8EBC-8CDB5F56FA3B}.Release|Any CPU.ActiveCfg = Release|Any CPU
		{E9AF676B-B102-4C84-8EBC-8CDB5F56FA3B}.Release|Any CPU.Build.0 = Release|Any CPU
		{E9AF676B-B102-4C84-8EBC-8CDB5F56FA3B}.Release|x64.ActiveCfg = Release|Any CPU
		{E9AF676B-B102-4C84-8EBC-8CDB5F56FA3B}.Release|x64.Build.0 = Release|Any CPU
		{E9AF676B-B102-4C84-8EBC-8CDB5F56FA3B}.Release|x86.ActiveCfg = Release|Any CPU
		{E9AF676B-B102-4C84-8EBC-8CDB5F56FA3B}.Release|x86.Build.0 = Release|Any CPU
	EndGlobalSection
	GlobalSection(SolutionProperties) = preSolution
		HideSolutionNode = FALSE
	EndGlobalSection
	GlobalSection(ExtensibilityGlobals) = postSolution
		SolutionGuid = {628904F1-C10D-4CFB-BBC1-C5FFBD22CF59}
	EndGlobalSection
EndGlobal
